
Microsoft Visual Studio Solution File, Format Version 12.00
# Visual Studio Version 17
VisualStudioVersion = 17.2.32526.322
MinimumVisualStudioVersion = 10.0.40219.1
Project("{8BC9CEB8-8B4A-11D0-8D11-00A0C91BC942}") = "creater", "creater\creater.vcxproj", "{CABA4962-DAA4-4678-8EF2-D4B53EFC6177}"
EndProject
Global
	GlobalSection(SolutionConfigurationPlatforms) = preSolution
		Debug|x64 = Debug|x64
		Debug|x86 = Debug|x86
		Release|x64 = Release|x64
		Release|x86 = Release|x86
	EndGlobalSection
	GlobalSection(ProjectConfigurationPlatforms) = postSolution
		{CABA4962-DAA4-4678-8EF2-D4B53EFC6177}.Debug|x64.ActiveCfg = Debug|x64
		{CABA4962-DAA4-4678-8EF2-D4B53EFC6177}.Debug|x64.Build.0 = Debug|x64
		{CABA4962-DAA4-4678-8EF2-D4B53EFC6177}.Debug|x86.ActiveCfg = Debug|Win32
		{CABA4962-DAA4-4678-8EF2-D4B53EFC6177}.Debug|x86.Build.0 = Debug|Win32
		{CABA4962-DAA4-4678-8EF2-D4B53EFC6177}.Release|x64.ActiveCfg = Release|x64
		{CABA4962-DAA4-4678-8EF2-D4B53EFC6177}.Release|x64.Build.0 = Release|x64
		{CABA4962-DAA4-4678-8EF2-D4B53EFC6177}.Release|x86.ActiveCfg = Release|Win32
		{CABA4962-DAA4-4678-8EF2-D4B53EFC6177}.Release|x86.Build.0 = Release|Win32
	EndGlobalSection
	GlobalSection(SolutionProperties) = preSolution
		HideSolutionNode = FALSE
	EndGlobalSection
	GlobalSection(ExtensibilityGlobals) = postSolution
		SolutionGuid = {737315AC-1DBE-49D6-85B7-A922609585EB}
	EndGlobalSection
EndGlobal
